{
  "name": "Web Dev class",
  "lockfileVersion": 3,
  "requires": true,
  "packages": {
    "": {
      "dependencies": {
        "components": "^0.1.0",
        "skype": "^0.0.0"
      }
    },
    "node_modules/abstractsocket": {
      "version": "0.0.2",
      "resolved": "https://registry.npmjs.org/abstractsocket/-/abstractsocket-0.0.2.tgz",
      "integrity": "sha512-/oK5V1UAO0eUe2r3uueM2e5S5so0Q9fS0ENE7F7ZcGAIIwdnVEYtgdrNMxGJrBl205+pXP5G7kPEu8PCSeOyfA==",
      "license": "MIT",
      "dependencies": {
        "exec_stream": "*"
      },
      "engines": {
        "node": "*"
      }
    },
    "node_modules/binary": {
      "version": "0.2.0",
      "resolved": "https://registry.npmjs.org/binary/-/binary-0.2.0.tgz",
      "integrity": "sha512-IKkm14wl+inoAoOI0KcTgIKUyV480Y7rj1VTpHedWdbV7YwCiMxavDlP94lcwZLTJ3zb/WL4d1oj5KePRjnhCg==",
      "license": "MIT/X11",
      "dependencies": {
        "buffers": ">=0.0.1",
        "chainsaw": ">=0.0.7",
        "put": ">=0.0.1"
      },
      "engines": {
        "node": "*"
      }
    },
    "node_modules/bl": {
      "version": "0.4.2",
      "resolved": "https://registry.npmjs.org/bl/-/bl-0.4.2.tgz",
      "integrity": "sha512-/Jhsskdr/kVmqiA+zn6A1h0Z9pRLXrx/yxOlhKVgwaiCMtb+/UhZOHlefRAqArQVRRuOxOu+MvzQh/yIvFMZlQ==",
      "license": "MIT",
      "dependencies": {
        "readable-stream": "~1.0.2"
      }
    },
    "node_modules/buffers": {
      "version": "0.1.1",
      "resolved": "https://registry.npmjs.org/buffers/-/buffers-0.1.1.tgz",
      "integrity": "sha512-9q/rDEGSb/Qsvv2qvzIzdluL5k7AaJOTrw23z9reQthrbF7is4CtlT0DXyO1oei2DCp4uojjzQ7igaSHp1kAEQ==",
      "engines": {
        "node": ">=0.2.0"
      }
    },
    "node_modules/byline": {
      "version": "2.0.3",
      "resolved": "https://registry.npmjs.org/byline/-/byline-2.0.3.tgz",
      "integrity": "sha512-O7Bbj++sioKr71LRwsbdMq+VDTMtChKR9uZ+FPGs5YwjsL7I7p4wkePhgTUKHmqEEhDN4D4xCZ/FX9Dn2+8uKA==",
      "engines": {
        "node": "*"
      }
    },
    "node_modules/chainsaw": {
      "version": "0.1.0",
      "resolved": "https://registry.npmjs.org/chainsaw/-/chainsaw-0.1.0.tgz",
      "integrity": "sha512-75kWfWt6MEKNC8xYXIdRpDehRYY/tNSgwKaJq+dbbDcxORuVrrQ+SEHoWsniVn9XPYfP4gmdWIeDk/4YNp1rNQ==",
      "license": "MIT/X11",
      "dependencies": {
        "traverse": ">=0.3.0 <0.4"
      },
      "engines": {
        "node": "*"
      }
    },
    "node_modules/components": {
      "version": "0.1.0",
      "resolved": "https://registry.npmjs.org/components/-/components-0.1.0.tgz",
      "integrity": "sha512-4xKUO3dL9LBs8WiOKy2kvLfnwKZLps9xDT5cFS0GL4UiXrr/dNUYus7Uf1bRPG66cUpEmwFAWVOlE9cxQgG+QA=="
    },
    "node_modules/core-util-is": {
      "version": "1.0.3",
      "resolved": "https://registry.npmjs.org/core-util-is/-/core-util-is-1.0.3.tgz",
      "integrity": "sha512-ZQBvi1DcpJ4GDqanjucZ2Hj3wEO5pZDS89BWbkcrvdxksJorwUDDZamX9ldFkp9aw2lmBDLgkObEA4DWNJ9FYQ==",
      "license": "MIT"
    },
    "node_modules/dbus-native": {
      "version": "0.0.13",
      "resolved": "https://registry.npmjs.org/dbus-native/-/dbus-native-0.0.13.tgz",
      "integrity": "sha512-/eZWoVeCCNtAjvEysl7/LalVlmGoUVZHpskRhSfpQJWRUVlTpETjRP/NwPDb7iGYHJ++p3K/2DCpbOl8fnCGcA==",
      "license": "MIT",
      "dependencies": {
        "abstractsocket": "0.0.2",
        "binary": "0.2.0",
        "byline": "2.0.3",
        "optimist": "~0.3.5",
        "put": "0.0.6",
        "xml2js": "0.1.14"
      },
      "bin": {
        "dbus2js": "bin/dbus2js.js"
      }
    },
    "node_modules/exec_stream": {
      "version": "0.0.3",
      "resolved": "https://registry.npmjs.org/exec_stream/-/exec_stream-0.0.3.tgz",
      "integrity": "sha512-xF5aECa6WgvEX+buSwp4txrMja6+ktpEcxC7FUZNBbQQkhzpt5aF18DZOq7BspI1huDextDI/HKDaqSTf4qhgw==",
      "license": "MIT",
      "engines": {
        "node": "*"
      }
    },
    "node_modules/inherits": {
      "version": "2.0.4",
      "resolved": "https://registry.npmjs.org/inherits/-/inherits-2.0.4.tgz",
      "integrity": "sha512-k/vGaX4/Yla3WzyMCvTQOXYeIHvqOKtnqBduzTHpzpQZzAskKMhZ2K+EnBiSM9zGSoIFeMpXKxa4dYeZIQqewQ==",
      "license": "ISC"
    },
    "node_modules/isarray": {
      "version": "0.0.1",
      "resolved": "https://registry.npmjs.org/isarray/-/isarray-0.0.1.tgz",
      "integrity": "sha512-D2S+3GLxWH+uhrNEcoh/fnmYeP8E8/zHl644d/jdA0g2uyXvy3sb0qxotE+ne0LtccHknQzWwZEzhak7oJ0COQ==",
      "license": "MIT"
    },
    "node_modules/optimist": {
      "version": "0.3.7",
      "resolved": "https://registry.npmjs.org/optimist/-/optimist-0.3.7.tgz",
      "integrity": "sha512-TCx0dXQzVtSCg2OgY/bO9hjM9cV4XYx09TVK+s3+FhkjT6LovsLe+pPMzpWf+6yXK/hUizs2gUoTw3jHM0VaTQ==",
      "license": "MIT/X11",
      "dependencies": {
        "wordwrap": "~0.0.2"
      }
    },
    "node_modules/put": {
      "version": "0.0.6",
      "resolved": "https://registry.npmjs.org/put/-/put-0.0.6.tgz",
      "integrity": "sha512-w0szIZ2NkqznMFqxYPRETCIi+q/S8UKis9F4yOl6/N9NDCZmbjZZT85aI4FgJf3vIPrzMPX60+odCLOaYxNWWw==",
      "license": "MIT/X11",
      "engines": {
        "node": ">=0.3.0"
      }
    },
    "node_modules/readable-stream": {
      "version": "1.0.34",
      "resolved": "https://registry.npmjs.org/readable-stream/-/readable-stream-1.0.34.tgz",
      "integrity": "sha512-ok1qVCJuRkNmvebYikljxJA/UEsKwLl2nI1OmaqAu4/UE+h0wKCHok4XkL/gvi39OacXvw59RJUOFUkDib2rHg==",
      "license": "MIT",
      "dependencies": {
        "core-util-is": "~1.0.0",
        "inherits": "~2.0.1",
        "isarray": "0.0.1",
        "string_decoder": "~0.10.x"
      }
    },
    "node_modules/sax": {
      "version": "1.6.0",
      "resolved": "https://registry.npmjs.org/sax/-/sax-1.6.0.tgz",
      "integrity": "sha512-6R3J5M4AcbtLUdZmRv2SygeVaM7IhrLXu9BmnOGmmACak8fiUtOsYNWUS4uK7upbmHIBbLBeFeI//477BKLBzA==",
      "license": "BlueOak-1.0.0",
      "engines": {
        "node": ">=11.0.0"
      }
    },
    "node_modules/skype": {
      "version": "0.0.0",
      "resolved": "https://registry.npmjs.org/skype/-/skype-0.0.0.tgz",
      "integrity": "sha512-z+mzXA6P4WJOCh8Wafe9q1kKFEO33maUoVQXd0G86XW0gUUpaW5CBG5DwlPiz/KzYtV34651+SjaT8XA4jOXWQ==",
      "license": "MIT",
      "dependencies": {
        "skype-applescript": "0.0.0",
        "skype-dbus": "0.0.1"
      }
    },
    "node_modules/skype-applescript": {
      "version": "0.0.0",
      "resolved": "https://registry.npmjs.org/skype-applescript/-/skype-applescript-0.0.0.tgz",
      "integrity": "sha512-xNlqXXv6IadTC5XHVxQqJTXSOXjF2vxafKmpppccY6OrYuKadifF21Gb07BG4HRHTOnN89D9Lt2W8wMkisUuzg==",
      "license": "MIT",
      "dependencies": {
        "bl": "~0.4.1"
      }
    },
    "node_modules/skype-dbus": {
      "version": "0.0.1",
      "resolved": "https://registry.npmjs.org/skype-dbus/-/skype-dbus-0.0.1.tgz",
      "integrity": "sha512-ILr07R8+naeTvRL/UUKBuPh2tWdgMALlO8zQhCbuu0/57020YUam/N2MpAY7LBsHSXkflL7GG08N53F4Ilxi/A==",
      "license": "MIT",
      "dependencies": {
        "dbus-native": "0.0.13"
      },
      "bin": {
        "skype-repl": "bin/repl.js"
      }
    },
    "node_modules/string_decoder": {
      "version": "0.10.31",
      "resolved": "https://registry.npmjs.org/string_decoder/-/string_decoder-0.10.31.tgz",
      "integrity": "sha512-ev2QzSzWPYmy9GuqfIVildA4OdcGLeFZQrq5ys6RtiuF+RQQiZWr8TZNyAcuVXyQRYfEO+MsoB/1BuQVhOJuoQ==",
      "license": "MIT"
    },
    "node_modules/traverse": {
      "version": "0.3.9",
      "resolved": "https://registry.npmjs.org/traverse/-/traverse-0.3.9.tgz",
      "integrity": "sha512-iawgk0hLP3SxGKDfnDJf8wTz4p2qImnyihM5Hh/sGvQ3K37dPi/w8sRhdNIxYA1TwFwc5mDhIJq+O0RsvXBKdQ==",
      "license": "MIT/X11",
      "engines": {
        "node": "*"
      }
    },
    "node_modules/wordwrap": {
      "version": "0.0.3",
      "resolved": "https://registry.npmjs.org/wordwrap/-/wordwrap-0.0.3.tgz",
      "integrity": "sha512-1tMA907+V4QmxV7dbRvb4/8MaRALK6q9Abid3ndMYnbyo8piisCmeONVqVSXqQA3KaP4SLt5b7ud6E2sqP8TFw==",
      "license": "MIT",
      "engines": {
        "node": ">=0.4.0"
      }
    },
    "node_modules/xml2js": {
      "version": "0.1.14",
      "resolved": "https://registry.npmjs.org/xml2js/-/xml2js-0.1.14.tgz",
      "integrity": "sha512-pbdws4PPPNc1HPluSUKamY4GWMk592K7qwcj6BExbVOhhubub8+pMda/ql68b6L3luZs/OGjGSB5goV7SnmgnA==",
      "dependencies": {
        "sax": ">=0.1.1"
      },
      "engines": {
        "node": "*"
      }
    }
  }
}
